
Microsoft Visual Studio Solution File, Format Version 12.00
# Visual Studio 15
VisualStudioVersion = 15.0.28010.2003
MinimumVisualStudioVersion = 10.0.40219.1
Project("{FAE04EC0-301F-11D3-BF4B-00C04F79EFBC}") = "CreatureGame", "CreatureGame\CreatureGame.csproj", "{D3B313FD-40AE-40DD-ADA4-FA6E81FED6D2}"
EndProject
Global
	GlobalSection(SolutionConfigurationPlatforms) = preSolution
		Debug|Any CPU = Debug|Any CPU
		Release|Any CPU = Release|Any CPU
	EndGlobalSection
	GlobalSection(ProjectConfigurationPlatforms) = postSolution
		{D3B313FD-40AE-40DD-ADA4-FA6E81FED6D2}.Debug|Any CPU.ActiveCfg = Debug|Any CPU
		{D3B313FD-40AE-40DD-ADA4-FA6E81FED6D2}.Debug|Any CPU.Build.0 = Debug|Any CPU
		{D3B313FD-40AE-40DD-ADA4-FA6E81FED6D2}.Release|Any CPU.ActiveCfg = Release|Any CPU
		{D3B313FD-40AE-40DD-ADA4-FA6E81FED6D2}.Release|Any CPU.Build.0 = Release|Any CPU
	EndGlobalSection
	GlobalSection(SolutionProperties) = preSolution
		HideSolutionNode = FALSE
	EndGlobalSection
	GlobalSection(ExtensibilityGlobals) = postSolution
		SolutionGuid = {5C091108-F656-421F-9E5E-B7A03E177A54}
	EndGlobalSection
EndGlobal
